
Microsoft Visual Studio Solution File, Format Version 12.00
# Visual Studio Version 17
VisualStudioVersion = 17.7.34202.233
MinimumVisualStudioVersion = 10.0.40219.1
Project("{9A19103F-16F7-4668-BE54-9A1E7A4F7556}") = "Enoca_Dotnet_Challenge_Api", "Enoca_Dotnet_Challenge\Enoca_Dotnet_Challenge_Api.csproj", "{D4CDB5D8-42E8-4399-A247-30AD4E72E434}"
EndProject
Project("{9A19103F-16F7-4668-BE54-9A1E7A4F7556}") = "Enoca_Dotnet_Challenge_Core", "Enoca_Dotnet_Challenge_Core\Enoca_Dotnet_Challenge_Core.csproj", "{68AAA695-DD24-49F6-888B-E1F6A9319C09}"
EndProject
Project("{9A19103F-16F7-4668-BE54-9A1E7A4F7556}") = "Enoca_Dotnet_Challenge_Service", "Enoca_Dotnet_Challenge_Service\Enoca_Dotnet_Challenge_Service.csproj", "{90A9C6D6-23C3-4893-90C3-25F6456E2368}"
EndProject
Project("{9A19103F-16F7-4668-BE54-9A1E7A4F7556}") = "Enoca_Dotnet_Challenge_Repository", "Enoca_Dotnet_Challenge_Repository\Enoca_Dotnet_Challenge_Repository.csproj", "{155AC3CC-3A5D-4C37-8C1C-3687544BBB58}"
EndProject
Global
	GlobalSection(SolutionConfigurationPlatforms) = preSolution
		Debug|Any CPU = Debug|Any CPU
		Release|Any CPU = Release|Any CPU
	EndGlobalSection
	GlobalSection(ProjectConfigurationPlatforms) = postSolution
		{D4CDB5D8-42E8-4399-A247-30AD4E72E434}.Debug|Any CPU.ActiveCfg = Debug|Any CPU
		{D4CDB5D8-42E8-4399-A247-30AD4E72E434}.Debug|Any CPU.Build.0 = Debug|Any CPU
		{D4CDB5D8-42E8-4399-A247-30AD4E72E434}.Release|Any CPU.ActiveCfg = Release|Any CPU
		{D4CDB5D8-42E8-4399-A247-30AD4E72E434}.Release|Any CPU.Build.0 = Release|Any CPU
		{68AAA695-DD24-49F6-888B-E1F6A9319C09}.Debug|Any CPU.ActiveCfg = Debug|Any CPU
		{68AAA695-DD24-49F6-888B-E1F6A9319C09}.Debug|Any CPU.Build.0 = Debug|Any CPU
		{68AAA695-DD24-49F6-888B-E1F6A9319C09}.Release|Any CPU.ActiveCfg = Release|Any CPU
		{68AAA695-DD24-49F6-888B-E1F6A9319C09}.Release|Any CPU.Build.0 = Release|Any CPU
		{90A9C6D6-23C3-4893-90C3-25F6456E2368}.Debug|Any CPU.ActiveCfg = Debug|Any CPU
		{90A9C6D6-23C3-4893-90C3-25F6456E2368}.Debug|Any CPU.Build.0 = Debug|Any CPU
		{90A9C6D6-23C3-4893-90C3-25F6456E2368}.Release|Any CPU.ActiveCfg = Release|Any CPU
		{90A9C6D6-23C3-4893-90C3-25F6456E2368}.Release|Any CPU.Build.0 = Release|Any CPU
		{155AC3CC-3A5D-4C37-8C1C-3687544BBB58}.Debug|Any CPU.ActiveCfg = Debug|Any CPU
		{155AC3CC-3A5D-4C37-8C1C-3687544BBB58}.Debug|Any CPU.Build.0 = Debug|Any CPU
		{155AC3CC-3A5D-4C37-8C1C-3687544BBB58}.Release|Any CPU.ActiveCfg = Release|Any CPU
		{155AC3CC-3A5D-4C37-8C1C-3687544BBB58}.Release|Any CPU.Build.0 = Release|Any CPU
	EndGlobalSection
	GlobalSection(SolutionProperties) = preSolution
		HideSolutionNode = FALSE
	EndGlobalSection
	GlobalSection(ExtensibilityGlobals) = postSolution
		SolutionGuid = {C0201BBC-E6DF-40D3-8753-45D2D0D1421C}
	EndGlobalSection
EndGlobal
